
Microsoft Visual Studio Solution File, Format Version 12.00
# Visual Studio 14
VisualStudioVersion = 14.0.25123.0
MinimumVisualStudioVersion = 10.0.40219.1
Project("{FAE04EC0-301F-11D3-BF4B-00C04F79EFBC}") = "WebUI", "WebUI\WebUI.csproj", "{79096E1A-3F43-4538-990F-5E868DCB4E88}"
EndProject
Project("{FAE04EC0-301F-11D3-BF4B-00C04F79EFBC}") = "Domain", "Domain\Domain.csproj", "{BDEFF00E-3D7D-4E60-99E3-F715E36056C8}"
EndProject
Project("{FAE04EC0-301F-11D3-BF4B-00C04F79EFBC}") = "DataLayer", "DataLayer\DataLayer.csproj", "{46AD697B-5130-40C6-AE03-5164F293F675}"
EndProject
Project("{FAE04EC0-301F-11D3-BF4B-00C04F79EFBC}") = "Repository", "Repository\Repository.csproj", "{8358193D-C121-41BE-B1C9-3B502D7A3E38}"
EndProject
Project("{2150E333-8FDC-42A3-9474-1A3956D46DE8}") = "Packages", "Packages", "{EFB245EE-01BA-48AA-812A-5E7D10C33FFF}"
	ProjectSection(SolutionItems) = preProject
		packages\Backload.Contracts.dll = packages\Backload.Contracts.dll
		packages\Backload.dll = packages\Backload.dll
		packages\CKEditor.NET.dll = packages\CKEditor.NET.dll
		WebUI\bin\EntityFramework.dll = WebUI\bin\EntityFramework.dll
		packages\ImageResizer.dll = packages\ImageResizer.dll
		packages\PersianToolS.dll = packages\PersianToolS.dll
	EndProjectSection
EndProject
Global
	GlobalSection(SolutionConfigurationPlatforms) = preSolution
		Debug|Any CPU = Debug|Any CPU
		Release|Any CPU = Release|Any CPU
	EndGlobalSection
	GlobalSection(ProjectConfigurationPlatforms) = postSolution
		{79096E1A-3F43-4538-990F-5E868DCB4E88}.Debug|Any CPU.ActiveCfg = Debug|Any CPU
		{79096E1A-3F43-4538-990F-5E868DCB4E88}.Debug|Any CPU.Build.0 = Debug|Any CPU
		{79096E1A-3F43-4538-990F-5E868DCB4E88}.Release|Any CPU.ActiveCfg = Release|Any CPU
		{79096E1A-3F43-4538-990F-5E868DCB4E88}.Release|Any CPU.Build.0 = Release|Any CPU
		{BDEFF00E-3D7D-4E60-99E3-F715E36056C8}.Debug|Any CPU.ActiveCfg = Debug|Any CPU
		{BDEFF00E-3D7D-4E60-99E3-F715E36056C8}.Debug|Any CPU.Build.0 = Debug|Any CPU
		{BDEFF00E-3D7D-4E60-99E3-F715E36056C8}.Release|Any CPU.ActiveCfg = Release|Any CPU
		{BDEFF00E-3D7D-4E60-99E3-F715E36056C8}.Release|Any CPU.Build.0 = Release|Any CPU
		{46AD697B-5130-40C6-AE03-5164F293F675}.Debug|Any CPU.ActiveCfg = Debug|Any CPU
		{46AD697B-5130-40C6-AE03-5164F293F675}.Debug|Any CPU.Build.0 = Debug|Any CPU
		{46AD697B-5130-40C6-AE03-5164F293F675}.Release|Any CPU.ActiveCfg = Release|Any CPU
		{46AD697B-5130-40C6-AE03-5164F293F675}.Release|Any CPU.Build.0 = Release|Any CPU
		{8358193D-C121-41BE-B1C9-3B502D7A3E38}.Debug|Any CPU.ActiveCfg = Debug|Any CPU
		{8358193D-C121-41BE-B1C9-3B502D7A3E38}.Debug|Any CPU.Build.0 = Debug|Any CPU
		{8358193D-C121-41BE-B1C9-3B502D7A3E38}.Release|Any CPU.ActiveCfg = Release|Any CPU
		{8358193D-C121-41BE-B1C9-3B502D7A3E38}.Release|Any CPU.Build.0 = Release|Any CPU
	EndGlobalSection
	GlobalSection(SolutionProperties) = preSolution
		HideSolutionNode = FALSE
	EndGlobalSection
EndGlobal
